// !$*UTF8*$!
{
	archiveVersion = 1;
	classes = {
	};
	objectVersion = 77;
	objects = {

/* Begin PBXContainerItemProxy section */
		74F94FC02CC111F60017C806 /* PBXContainerItemProxy */ = {
			isa = PBXContainerItemProxy;
			containerPortal = 74F94FA12CC111F20017C806 /* Project object */;
			proxyType = 1;
			remoteGlobalIDString = 74F94FA82CC111F20017C806;
			remoteInfo = Colorpickerapp;
		};
		74F94FCA2CC111F60017C806 /* PBXContainerItemProxy */ = {
			isa = PBXContainerItemProxy;
			containerPortal = 74F94FA12CC111F20017C806 /* Project object */;
			proxyType = 1;
			remoteGlobalIDString = 74F94FA82CC111F20017C806;
			remoteInfo = Colorpickerapp;
		};
/* End PBXContainerItemProxy section */

/* Begin PBXFileReference section */
		74F94FA92CC111F20017C806 /* Colorpickerapp.app */ = {isa = PBXFileReference; explicitFileType = wrapper.application; includeInIndex = 0; path = Colorpickerapp.app; sourceTree = BUILT_PRODUCTS_DIR; };
		74F94FBF2CC111F60017C806 /* ColorpickerappTests.xctest */ = {isa = PBXFileReference; explicitFileType = wrapper.cfbundle; includeInIndex = 0; path = ColorpickerappTests.xctest; sourceTree = BUILT_PRODUCTS_DIR; };
		74F94FC92CC111F60017C806 /* ColorpickerappUITests.xctest */ = {isa = PBXFileReference; explicitFileType = wrapper.cfbundle; includeInIndex = 0; path = ColorpickerappUITests.xctest; sourceTree = BUILT_PRODUCTS_DIR; };
/* End PBXFileReference section */

/* Begin PBXFileSystemSynchronizedBuildFileExceptionSet section */
		74F94FD12CC111F60017C806 /* Exceptions for "Colorpickerapp" folder in "Colorpickerapp" target */ = {
			isa = PBXFileSystemSynchronizedBuildFileExceptionSet;
			membershipExceptions = (
				Info.plist,
			);
			target = 74F94FA82CC111F20017C806 /* Colorpickerapp */;
		};
/* End PBXFileSystemSynchronizedBuildFileExceptionSet section */

/* Begin PBXFileSystemSynchronizedRootGroup section */
		74F94FAB2CC111F20017C806 /* Colorpickerapp */ = {
			isa = PBXFileSystemSynchronizedRootGroup;
			exceptions = (
				74F94FD12CC111F60017C806 /* Exceptions for "Colorpickerapp" folder in "Colorpickerapp" target */,
			);
			path = Colorpickerapp;
			sourceTree = "<group>";
		};
		74F94FC22CC111F60017C806 /* ColorpickerappTests */ = {
			isa = PBXFileSystemSynchronizedRootGroup;
			path = ColorpickerappTests;
			sourceTree = "<group>";
		};
		74F94FCC2CC111F60017C806 /* ColorpickerappUITests */ = {
			isa = PBXFileSystemSynchronizedRootGroup;
			path = ColorpickerappUITests;
			sourceTree = "<group>";
		};
/* End PBXFileSystemSynchronizedRootGroup section */

/* Begin PBXFrameworksBuildPhase section */
		74F94FA62CC111F20017C806 /* Frameworks */ = {
			isa = PBXFrameworksBuildPhase;
			buildActionMask = 2147483647;
			files = (
			);
			runOnlyForDeploymentPostprocessing = 0;
		};
		74F94FBC2CC111F60017C806 /* Frameworks */ = {
			isa = PBXFrameworksBuildPhase;
			buildActionMask = 2147483647;
			files = (
			);
			runOnlyForDeploymentPostprocessing = 0;
		};
		74F94FC62CC111F60017C806 /* Frameworks */ = {
			isa = PBXFrameworksBuildPhase;
			buildActionMask = 2147483647;
			files = (
			);
			runOnlyForDeploymentPostprocessing = 0;
		};
/* End PBXFrameworksBuildPhase section */

/* Begin PBXGroup section */
		74F94FA02CC111F20017C806 = {
			isa = PBXGroup;
			children = (
				74F94FAB2CC111F20017C806 /* Colorpickerapp */,
				74F94FC22CC111F60017C806 /* ColorpickerappTests */,
				74F94FCC2CC111F60017C806 /* ColorpickerappUITests */,
				74F94FAA2CC111F20017C806 /* Products */,
			);
			sourceTree = "<group>";
		};
		74F94FAA2CC111F20017C806 /* Products */ = {
			isa = PBXGroup;
			children = (
				74F94FA92CC111F20017C806 /* Colorpickerapp.app */,
				74F94FBF2CC111F60017C806 /* ColorpickerappTests.xctest */,
				74F94FC92CC111F60017C806 /* ColorpickerappUITests.xctest */,
			);
			name = Products;
			sourceTree = "<group>";
		};
/* End PBXGroup section */

/* Begin PBXNativeTarget section */
		74F94FA82CC111F20017C806 /* Colorpickerapp */ = {
			isa = PBXNativeTarget;
			buildConfigurationList = 74F94FD22CC111F60017C806 /* Build configuration list for PBXNativeTarget "Colorpickerapp" */;
			buildPhases = (
				74F94FA52CC111F20017C806 /* Sources */,
				74F94FA62CC111F20017C806 /* Frameworks */,
				74F94FA72CC111F20017C806 /* Resources */,
			);
			buildRules = (
			);
			dependencies = (
			);
			fileSystemSynchronizedGroups = (
				74F94FAB2CC111F20017C806 /* Colorpickerapp */,
			);
			name = Colorpickerapp;
			packageProductDependencies = (
			);
			productName = Colorpickerapp;
			productReference = 74F94FA92CC111F20017C806 /* Colorpickerapp.app */;
			productType = "com.apple.product-type.application";
		};
		74F94FBE2CC111F60017C806 /* ColorpickerappTests */ = {
			isa = PBXNativeTarget;
			buildConfigurationList = 74F94FD72CC111F60017C806 /* Build configuration list for PBXNativeTarget "ColorpickerappTests" */;
			buildPhases = (
				74F94FBB2CC111F60017C806 /* Sources */,
				74F94FBC2CC111F60017C806 /* Frameworks */,
				74F94FBD2CC111F60017C806 /* Resources */,
			);
			buildRules = (
			);
			dependencies = (
				74F94FC12CC111F60017C806 /* PBXTargetDependency */,
			);
			fileSystemSynchronizedGroups = (
				74F94FC22CC111F60017C806 /* ColorpickerappTests */,
			);
			name = ColorpickerappTests;
			packageProductDependencies = (
			);
			productName = ColorpickerappTests;
			productReference = 74F94FBF2CC111F60017C806 /* ColorpickerappTests.xctest */;
			productType = "com.apple.product-type.bundle.unit-test";
		};
		74F94FC82CC111F60017C806 /* ColorpickerappUITests */ = {
			isa = PBXNativeTarget;
			buildConfigurationList = 74F94FDA2CC111F60017C806 /* Build configuration list for PBXNativeTarget "ColorpickerappUITests" */;
			buildPhases = (
				74F94FC52CC111F60017C806 /* Sources */,
				74F94FC62CC111F60017C806 /* Frameworks */,
				74F94FC72CC111F60017C806 /* Resources */,
			);
			buildRules = (
			);
			dependencies = (
				74F94FCB2CC111F60017C806 /* PBXTargetDependency */,
			);
			fileSystemSynchronizedGroups = (
				74F94FCC2CC111F60017C806 /* ColorpickerappUITests */,
			);
			name = ColorpickerappUITests;
			packageProductDependencies = (
			);
			productName = ColorpickerappUITests;
			productReference = 74F94FC92CC111F60017C806 /* ColorpickerappUITests.xctest */;
			productType = "com.apple.product-type.bundle.ui-testing";
		};
/* End PBXNativeTarget section */

/* Begin PBXProject section */
		74F94FA12CC111F20017C806 /* Project object */ = {
			isa = PBXProject;
			attributes = {
				BuildIndependentTargetsInParallel = 1;
				LastSwiftUpdateCheck = 1600;
				LastUpgradeCheck = 1600;
				TargetAttributes = {
					74F94FA82CC111F20017C806 = {
						CreatedOnToolsVersion = 16.0;
					};
					74F94FBE2CC111F60017C806 = {
						CreatedOnToolsVersion = 16.0;
						TestTargetID = 74F94FA82CC111F20017C806;
					};
					74F94FC82CC111F60017C806 = {
						CreatedOnToolsVersion = 16.0;
						TestTargetID = 74F94FA82CC111F20017C806;
					};
				};
			};
			buildConfigurationList = 74F94FA42CC111F20017C806 /* Build configuration list for PBXProject "Colorpickerapp" */;
			developmentRegion = en;
			hasScannedForEncodings = 0;
			knownRegions = (
				en,
				Base,
			);
			mainGroup = 74F94FA02CC111F20017C806;
			minimizedProjectReferenceProxies = 1;
			preferredProjectObjectVersion = 77;
			productRefGroup = 74F94FAA2CC111F20017C806 /* Products */;
			projectDirPath = "";
			projectRoot = "";
			targets = (
				74F94FA82CC111F20017C806 /* Colorpickerapp */,
				74F94FBE2CC111F60017C806 /* ColorpickerappTests */,
				74F94FC82CC111F60017C806 /* ColorpickerappUITests */,
			);
		};
/* End PBXProject section */

/* Begin PBXResourcesBuildPhase section */
		74F94FA72CC111F20017C806 /* Resources */ = {
			isa = PBXResourcesBuildPhase;
			buildActionMask = 2147483647;
			files = (
			);
			runOnlyForDeploymentPostprocessing = 0;
		};
		74F94FBD2CC111F60017C806 /* Resources */ = {
			isa = PBXResourcesBuildPhase;
			buildActionMask = 2147483647;
			files = (
			);
			runOnlyForDeploymentPostprocessing = 0;
		};
		74F94FC72CC111F60017C806 /* Resources */ = {
			isa = PBXResourcesBuildPhase;
			buildActionMask = 2147483647;
			files = (
			);
			runOnlyForDeploymentPostprocessing = 0;
		};
/* End PBXResourcesBuildPhase section */

/* Begin PBXSourcesBuildPhase section */
		74F94FA52CC111F20017C806 /* Sources */ = {
			isa = PBXSourcesBuildPhase;
			buildActionMask = 2147483647;
			files = (
			);
			runOnlyForDeploymentPostprocessing = 0;
		};
		74F94FBB2CC111F60017C806 /* Sources */ = {
			isa = PBXSourcesBuildPhase;
			buildActionMask = 2147483647;
			files = (
			);
			runOnlyForDeploymentPostprocessing = 0;
		};
		74F94FC52CC111F60017C806 /* Sources */ = {
			isa = PBXSourcesBuildPhase;
			buildActionMask = 2147483647;
			files = (
			);
			runOnlyForDeploymentPostprocessing = 0;
		};
/* End PBXSourcesBuildPhase section */

/* Begin PBXTargetDependency section */
		74F94FC12CC111F60017C806 /* PBXTargetDependency */ = {
			isa = PBXTargetDependency;
			target = 74F94FA82CC111F20017C806 /* Colorpickerapp */;
			targetProxy = 74F94FC02CC111F60017C806 /* PBXContainerItemProxy */;
		};
		74F94FCB2CC111F60017C806 /* PBXTargetDependency */ = {
			isa = PBXTargetDependency;
			target = 74F94FA82CC111F20017C806 /* Colorpickerapp */;
			targetProxy = 74F94FCA2CC111F60017C806 /* PBXContainerItemProxy */;
		};
/* End PBXTargetDependency section */

/* Begin XCBuildConfiguration section */
		74F94FD32CC111F60017C806 /* Debug */ = {
			isa = XCBuildConfiguration;
			buildSettings = {
				ASSETCATALOG_COMPILER_APPICON_NAME = AppIcon;
				ASSETCATALOG_COMPILER_GLOBAL_ACCENT_COLOR_NAME = AccentColor;
				CODE_SIGN_STYLE = Automatic;
				CURRENT_PROJECT_VERSION = 1;
				GENERATE_INFOPLIST_FILE = YES;
				INFOPLIST_FILE = Colorpickerapp/Info.plist;
				INFOPLIST_KEY_UIApplicationSupportsIndirectInputEvents = YES;
				INFOPLIST_KEY_UILaunchStoryboardName = LaunchScreen;
				INFOPLIST_KEY_UIMainStoryboardFile = Main;
				INFOPLIST_KEY_UISupportedInterfaceOrientations_iPad = "UIInterfaceOrientationPortrait UIInterfaceOrientationPortraitUpsideDown UIInterfaceOrientationLandscapeLeft UIInterfaceOrientationLandscapeRight";
				INFOPLIST_KEY_UISupportedInterfaceOrientations_iPhone = "UIInterfaceOrientationPortrait UIInterfaceOrientationLandscapeLeft UIInterfaceOrientationLandscapeRight";
				LD_RUNPATH_SEARCH_PATHS = (
					"$(inherited)",
					"@executable_path/Frameworks",
				);
				MARKETING_VERSION = 1.0;
				PRODUCT_BUNDLE_IDENTIFIER = Csp.Colorpickerapp;
				PRODUCT_NAME = "$(TARGET_NAME)";
				SWIFT_EMIT_LOC_STRINGS = YES;
				SWIFT_VERSION = 5.0;
				TARGETED_DEVICE_FAMILY = "1,2";
			};
			name = Debug;
		};
		74F94FD42CC111F60017C806 /* Release */ = {
			isa = XCBuildConfiguration;
			buildSettings = {
				ASSETCATALOG_COMPILER_APPICON_NAME = AppIcon;
				ASSETCATALOG_COMPILER_GLOBAL_ACCENT_COLOR_NAME = AccentColor;
				CODE_SIGN_STYLE = Automatic;
				CURRENT_PROJECT_VERSION = 1;
				GENERATE_INFOPLIST_FILE = YES;
				INFOPLIST_FILE = Colorpickerapp/Info.plist;
				INFOPLIST_KEY_UIApplicationSupportsIndirectInputEvents = YES;
				INFOPLIST_KEY_UILaunchStoryboardName = LaunchScreen;
				INFOPLIST_KEY_UIMainStoryboardFile = Main;
				INFOPLIST_KEY_UISupportedInterfaceOrientations_iPad = "UIInterfaceOrientationPortrait UIInterfaceOrientationPortraitUpsideDown UIInterfaceOrientationLandscapeLeft UIInterfaceOrientationLandscapeRight";
				INFOPLIST_KEY_UISupportedInterfaceOrientations_iPhone = "UIInterfaceOrientationPortrait UIInterfaceOrientationLandscapeLeft UIInterfaceOrientationLandscapeRight";
				LD_RUNPATH_SEARCH_PATHS = (
					"$(inherited)",
					"@executable_path/Frameworks",
				);
				MARKETING_VERSION = 1.0;
				PRODUCT_BUNDLE_IDENTIFIER = Csp.Colorpickerapp;
				PRODUCT_NAME = "$(TARGET_NAME)";
				SWIFT_EMIT_LOC_STRINGS = YES;
				SWIFT_VERSION = 5.0;
				TARGETED_DEVICE_FAMILY = "1,2";
			};
			name = Release;
		};
		74F94FD52CC111F60017C806 /* Debug */ = {
			isa = XCBuildConfiguration;
			buildSettings = {
				ALWAYS_SEARCH_USER_PATHS = NO;
				ASSETCATALOG_COMPILER_GENERATE_SWIFT_ASSET_SYMBOL_EXTENSIONS = YES;
				CLANG_ANALYZER_NONNULL = YES;
				CLANG_ANALYZER_NUMBER_OBJECT_CONVERSION = YES_AGGRESSIVE;
				CLANG_CXX_LANGUAGE_STANDARD = "gnu++20";
				CLANG_ENABLE_MODULES = YES;
				CLANG_ENABLE_OBJC_ARC = YES;
				CLANG_ENABLE_OBJC_WEAK = YES;
				CLANG_WARN_BLOCK_CAPTURE_AUTORELEASING = YES;
				CLANG_WARN_BOOL_CONVERSION = YES;
				CLANG_WARN_COMMA = YES;
				CLANG_WARN_CONSTANT_CONVERSION = YES;
				CLANG_WARN_DEPRECATED_OBJC_IMPLEMENTATIONS = YES;
				CLANG_WARN_DIRECT_OBJC_ISA_USAGE = YES_ERROR;
				CLANG_WARN_DOCUMENTATION_COMMENTS = YES;
				CLANG_WARN_EMPTY_BODY = YES;
				CLANG_WARN_ENUM_CONVERSION = YES;
				CLANG_WARN_INFINITE_RECURSION = YES;
				CLANG_WARN_INT_CONVERSION = YES;
				CLANG_WARN_NON_LITERAL_NULL_CONVERSION = YES;
				CLANG_WARN_OBJC_IMPLICIT_RETAIN_SELF = YES;
				CLANG_WARN_OBJC_LITERAL_CONVERSION = YES;
				CLANG_WARN_OBJC_ROOT_CLASS = YES_ERROR;
				CLANG_WARN_QUOTED_INCLUDE_IN_FRAMEWORK_HEADER = YES;
				CLANG_WARN_RANGE_LOOP_ANALYSIS = YES;
				CLANG_WARN_STRICT_PROTOTYPES = YES;
				CLANG_WARN_SUSPICIOUS_MOVE = YES;
				CLANG_WARN_UNGUARDED_AVAILABILITY = YES_AGGRESSIVE;
				CLANG_WARN_UNREACHABLE_CODE = YES;
				CLANG_WARN__DUPLICATE_METHOD_MATCH = YES;
				COPY_PHASE_STRIP = NO;
				DEBUG_INFORMATION_FORMAT = dwarf;
				ENABLE_STRICT_OBJC_MSGSEND = YES;
				ENABLE_TESTABILITY = YES;
				ENABLE_USER_SCRIPT_SANDBOXING = YES;
				GCC_C_LANGUAGE_STANDARD = gnu17;
				GCC_DYNAMIC_NO_PIC = NO;
				GCC_NO_COMMON_BLOCKS = YES;
				GCC_OPTIMIZATION_LEVEL = 0;
				GCC_PREPROCESSOR_DEFINITIONS = (
					"DEBUG=1",
					"$(inherited)",
				);
				GCC_WARN_64_TO_32_BIT_CONVERSION = YES;
				GCC_WARN_ABOUT_RETURN_TYPE = YES_ERROR;
				GCC_WARN_UNDECLARED_SELECTOR = YES;
				GCC_WARN_UNINITIALIZED_AUTOS = YES_AGGRESSIVE;
				GCC_WARN_UNUSED_FUNCTION = YES;
				GCC_WARN_UNUSED_VARIABLE = YES;
				IPHONEOS_DEPLOYMENT_TARGET = 18.0;
				LOCALIZATION_PREFERS_STRING_CATALOGS = YES;
				MTL_ENABLE_DEBUG_INFO = INCLUDE_SOURCE;
				MTL_FAST_MATH = YES;
				ONLY_ACTIVE_ARCH = YES;
				SDKROOT = iphoneos;
				SWIFT_ACTIVE_COMPILATION_CONDITIONS = "DEBUG $(inherited)";
				SWIFT_OPTIMIZATION_LEVEL = "-Onone";
			};
			name = Debug;
		};
		74F94FD62CC111F60017C806 /* Release */ = {
			isa = XCBuildConfiguration;
			buildSettings = {
				ALWAYS_SEARCH_USER_PATHS = NO;
				ASSETCATALOG_COMPILER_GENERATE_SWIFT_ASSET_SYMBOL_EXTENSIONS = YES;
				CLANG_ANALYZER_NONNULL = YES;
				CLANG_ANALYZER_NUMBER_OBJECT_CONVERSION = YES_AGGRESSIVE;
				CLANG_CXX_LANGUAGE_STANDARD = "gnu++20";
				CLANG_ENABLE_MODULES = YES;
				CLANG_ENABLE_OBJC_ARC = YES;
				CLANG_ENABLE_OBJC_WEAK = YES;
				CLANG_WARN_BLOCK_CAPTURE_AUTORELEASING = YES;
				CLANG_WARN_BOOL_CONVERSION = YES;
				CLANG_WARN_COMMA = YES;
				CLANG_WARN_CONSTANT_CONVERSION = YES;
				CLANG_WARN_DEPRECATED_OBJC_IMPLEMENTATIONS = YES;
				CLANG_WARN_DIRECT_OBJC_ISA_USAGE = YES_ERROR;
				CLANG_WARN_DOCUMENTATION_COMMENTS = YES;
				CLANG_WARN_EMPTY_BODY = YES;
				CLANG_WARN_ENUM_CONVERSION = YES;
				CLANG_WARN_INFINITE_RECURSION = YES;
				CLANG_WARN_INT_CONVERSION = YES;
				CLANG_WARN_NON_LITERAL_NULL_CONVERSION = YES;
				CLANG_WARN_OBJC_IMPLICIT_RETAIN_SELF = YES;
				CLANG_WARN_OBJC_LITERAL_CONVERSION = YES;
				CLANG_WARN_OBJC_ROOT_CLASS = YES_ERROR;
				CLANG_WARN_QUOTED_INCLUDE_IN_FRAMEWORK_HEADER = YES;
				CLANG_WARN_RANGE_LOOP_ANALYSIS = YES;
				CLANG_WARN_STRICT_PROTOTYPES = YES;
				CLANG_WARN_SUSPICIOUS_MOVE = YES;
				CLANG_WARN_UNGUARDED_AVAILABILITY = YES_AGGRESSIVE;
				CLANG_WARN_UNREACHABLE_CODE = YES;
				CLANG_WARN__DUPLICATE_METHOD_MATCH = YES;
				COPY_PHASE_STRIP = NO;
				DEBUG_INFORMATION_FORMAT = "dwarf-with-dsym";
				ENABLE_NS_ASSERTIONS = NO;
				ENABLE_STRICT_OBJC_MSGSEND = YES;
				ENABLE_USER_SCRIPT_SANDBOXING = YES;
				GCC_C_LANGUAGE_STANDARD = gnu17;
				GCC_NO_COMMON_BLOCKS = YES;
				GCC_WARN_64_TO_32_BIT_CONVERSION = YES;
				GCC_WARN_ABOUT_RETURN_TYPE = YES_ERROR;
				GCC_WARN_UNDECLARED_SELECTOR = YES;
				GCC_WARN_UNINITIALIZED_AUTOS = YES_AGGRESSIVE;
				GCC_WARN_UNUSED_FUNCTION = YES;
				GCC_WARN_UNUSED_VARIABLE = YES;
				IPHONEOS_DEPLOYMENT_TARGET = 18.0;
				LOCALIZATION_PREFERS_STRING_CATALOGS = YES;
				MTL_ENABLE_DEBUG_INFO = NO;
				MTL_FAST_MATH = YES;
				SDKROOT = iphoneos;
				SWIFT_COMPILATION_MODE = wholemodule;
				VALIDATE_PRODUCT = YES;
			};
			name = Release;
		};
		74F94FD82CC111F60017C806 /* Debug */ = {
			isa = XCBuildConfiguration;
			buildSettings = {
				BUNDLE_LOADER = "$(TEST_HOST)";
				CODE_SIGN_STYLE = Automatic;
				CURRENT_PROJECT_VERSION = 1;
				GENERATE_INFOPLIST_FILE = YES;
				IPHONEOS_DEPLOYMENT_TARGET = 18.0;
				MARKETING_VERSION = 1.0;
				PRODUCT_BUNDLE_IDENTIFIER = Csp.ColorpickerappTests;
				PRODUCT_NAME = "$(TARGET_NAME)";
				SWIFT_EMIT_LOC_STRINGS = NO;
				SWIFT_VERSION = 5.0;
				TARGETED_DEVICE_FAMILY = "1,2";
				TEST_HOST = "$(BUILT_PRODUCTS_DIR)/Colorpickerapp.app/$(BUNDLE_EXECUTABLE_FOLDER_PATH)/Colorpickerapp";
			};
			name = Debug;
		};
		74F94FD92CC111F60017C806 /* Release */ = {
			isa = XCBuildConfiguration;
			buildSettings = {
				BUNDLE_LOADER = "$(TEST_HOST)";
				CODE_SIGN_STYLE = Automatic;
				CURRENT_PROJECT_VERSION = 1;
				GENERATE_INFOPLIST_FILE = YES;
				IPHONEOS_DEPLOYMENT_TARGET = 18.0;
				MARKETING_VERSION = 1.0;
				PRODUCT_BUNDLE_IDENTIFIER = Csp.ColorpickerappTests;
				PRODUCT_NAME = "$(TARGET_NAME)";
				SWIFT_EMIT_LOC_STRINGS = NO;
				SWIFT_VERSION = 5.0;
				TARGETED_DEVICE_FAMILY = "1,2";
				TEST_HOST = "$(BUILT_PRODUCTS_DIR)/Colorpickerapp.app/$(BUNDLE_EXECUTABLE_FOLDER_PATH)/Colorpickerapp";
			};
			name = Release;
		};
		74F94FDB2CC111F60017C806 /* Debug */ = {
			isa = XCBuildConfiguration;
			buildSettings = {
				CODE_SIGN_STYLE = Automatic;
				CURRENT_PROJECT_VERSION = 1;
				GENERATE_INFOPLIST_FILE = YES;
				MARKETING_VERSION = 1.0;
				PRODUCT_BUNDLE_IDENTIFIER = Csp.ColorpickerappUITests;
				PRODUCT_NAME = "$(TARGET_NAME)";
				SWIFT_EMIT_LOC_STRINGS = NO;
				SWIFT_VERSION = 5.0;
				TARGETED_DEVICE_FAMILY = "1,2";
				TEST_TARGET_NAME = Colorpickerapp;
			};
			name = Debug;
		};
		74F94FDC2CC111F60017C806 /* Release */ = {
			isa = XCBuildConfiguration;
			buildSettings = {
				CODE_SIGN_STYLE = Automatic;
				CURRENT_PROJECT_VERSION = 1;
				GENERATE_INFOPLIST_FILE = YES;
				MARKETING_VERSION = 1.0;
				PRODUCT_BUNDLE_IDENTIFIER = Csp.ColorpickerappUITests;
				PRODUCT_NAME = "$(TARGET_NAME)";
				SWIFT_EMIT_LOC_STRINGS = NO;
				SWIFT_VERSION = 5.0;
				TARGETED_DEVICE_FAMILY = "1,2";
				TEST_TARGET_NAME = Colorpickerapp;
			};
			name = Release;
		};
/* End XCBuildConfiguration section */

/* Begin XCConfigurationList section */
		74F94FA42CC111F20017C806 /* Build configuration list for PBXProject "Colorpickerapp" */ = {
			isa = XCConfigurationList;
			buildConfigurations = (
				74F94FD52CC111F60017C806 /* Debug */,
				74F94FD62CC111F60017C806 /* Release */,
			);
			defaultConfigurationIsVisible = 0;
			defaultConfigurationName = Release;
		};
		74F94FD22CC111F60017C806 /* Build configuration list for PBXNativeTarget "Colorpickerapp" */ = {
			isa = XCConfigurationList;
			buildConfigurations = (
				74F94FD32CC111F60017C806 /* Debug */,
				74F94FD42CC111F60017C806 /* Release */,
			);
			defaultConfigurationIsVisible = 0;
			defaultConfigurationName = Release;
		};
		74F94FD72CC111F60017C806 /* Build configuration list for PBXNativeTarget "ColorpickerappTests" */ = {
			isa = XCConfigurationList;
			buildConfigurations = (
				74F94FD82CC111F60017C806 /* Debug */,
				74F94FD92CC111F60017C806 /* Release */,
			);
			defaultConfigurationIsVisible = 0;
			defaultConfigurationName = Release;
		};
		74F94FDA2CC111F60017C806 /* Build configuration list for PBXNativeTarget "ColorpickerappUITests" */ = {
			isa = XCConfigurationList;
			buildConfigurations = (
				74F94FDB2CC111F60017C806 /* Debug */,
				74F94FDC2CC111F60017C806 /* Release */,
			);
			defaultConfigurationIsVisible = 0;
			defaultConfigurationName = Release;
		};
/* End XCConfigurationList section */
	};
	rootObject = 74F94FA12CC111F20017C806 /* Project object */;
}
